
Microsoft Visual Studio Solution File, Format Version 12.00
# Visual Studio Version 17
VisualStudioVersion = 17.6.33815.320
MinimumVisualStudioVersion = 10.0.40219.1
Project("{FAE04EC0-301F-11D3-BF4B-00C04F79EFBC}") = "ProductAPI", "ProductAPI.csproj", "{F7D098D7-5D2A-4985-8CD8-19C33126DEB2}"
EndProject
Global
	GlobalSection(SolutionConfigurationPlatforms) = preSolution
		Debug|Any CPU = Debug|Any CPU
		Release|Any CPU = Release|Any CPU
	EndGlobalSection
	GlobalSection(ProjectConfigurationPlatforms) = postSolution
		{F7D098D7-5D2A-4985-8CD8-19C33126DEB2}.Debug|Any CPU.ActiveCfg = Debug|Any CPU
		{F7D098D7-5D2A-4985-8CD8-19C33126DEB2}.Debug|Any CPU.Build.0 = Debug|Any CPU
		{F7D098D7-5D2A-4985-8CD8-19C33126DEB2}.Release|Any CPU.ActiveCfg = Release|Any CPU
		{F7D098D7-5D2A-4985-8CD8-19C33126DEB2}.Release|Any CPU.Build.0 = Release|Any CPU
	EndGlobalSection
	GlobalSection(SolutionProperties) = preSolution
		HideSolutionNode = FALSE
	EndGlobalSection
	GlobalSection(ExtensibilityGlobals) = postSolution
		SolutionGuid = {7A6746A5-BC95-4481-A564-D1F23022D319}
	EndGlobalSection
EndGlobal
